
Microsoft Visual Studio Solution File, Format Version 12.00
# Visual Studio Version 16
VisualStudioVersion = 16.0.28803.156
MinimumVisualStudioVersion = 10.0.40219.1
Project("{9A19103F-16F7-4668-BE54-9A1E7A4F7556}") = "Orbit.Domain", "Orbit.Domain\Orbit.Domain.csproj", "{54DBA788-7C6F-4925-8303-A03FC487658B}"
EndProject
Project("{9A19103F-16F7-4668-BE54-9A1E7A4F7556}") = "Orbit.Application", "Orbit.Application\Orbit.Application.csproj", "{BC906B10-DC0B-4856-AB1E-F11FD116DCF3}"
EndProject
Project("{2150E333-8FDC-42A3-9474-1A3956D46DE8}") = "Game", "Game", "{308AED0F-36F1-457A-82A3-94016E0E98BA}"
EndProject
Project("{9A19103F-16F7-4668-BE54-9A1E7A4F7556}") = "Orbit.Game.Core", "Orbit.Game.Core\Orbit.Game.Core.csproj", "{0AA73E0F-0AE2-4B1A-AB84-C41D79CC26E1}"
EndProject
Project("{9A19103F-16F7-4668-BE54-9A1E7A4F7556}") = "Orbit.Api", "Orbit.Api\Orbit.Api.csproj", "{E830DB8F-783E-4BDF-A121-87358A7BB65C}"
EndProject
Project("{2150E333-8FDC-42A3-9474-1A3956D46DE8}") = "Infra", "Infra", "{4CC39F6F-E04C-46CA-8DF1-8DD5CC86C5C3}"
EndProject
Project("{9A19103F-16F7-4668-BE54-9A1E7A4F7556}") = "Orbit.Infra.Persistence", "Orbit.Infra.Persistence\Orbit.Infra.Persistence.csproj", "{A8A5D2AC-6401-412B-9AAE-FABEB047DE47}"
EndProject
Project("{9A19103F-16F7-4668-BE54-9A1E7A4F7556}") = "Orbit.Game.Service", "Orbit.Game.Service\Orbit.Game.Service.csproj", "{74603A29-9C55-434E-B72F-ECBC907ABBEA}"
EndProject
Project("{9A19103F-16F7-4668-BE54-9A1E7A4F7556}") = "Orbit.Domain.Core", "Orbit.Domain.Core\Orbit.Domain.Core.csproj", "{04CA0189-86F7-43C9-BF8E-3D306B8D34A8}"
EndProject
Project("{9A19103F-16F7-4668-BE54-9A1E7A4F7556}") = "Orbit.Infra.CrossCutting.Bus", "Orbit.Infra.CrossCutting.Bus\Orbit.Infra.CrossCutting.Bus.csproj", "{E1A31A71-C3B5-4C4D-A96E-18B0099D4EDA}"
EndProject
Project("{9A19103F-16F7-4668-BE54-9A1E7A4F7556}") = "Orbit.Infra.CrossCutting.IoC", "Orbit.Infra.CrossCutting.IoC\Orbit.Infra.CrossCutting.IoC.csproj", "{E13245AB-575A-48BD-A7C8-A8CFDCBBBDB5}"
EndProject
Project("{9A19103F-16F7-4668-BE54-9A1E7A4F7556}") = "Orbit.Infra.CrossCutting.Identity", "Orbit.Infra.CrossCutting.Identity\Orbit.Infra.CrossCutting.Identity.csproj", "{1EF8F5D3-A854-452D-9E20-762FB35F0AC2}"
EndProject
Project("{FAE04EC0-301F-11D3-BF4B-00C04F79EFBC}") = "Orbit.Domain.Game", "Orbit.Domain.Game\Orbit.Domain.Game.csproj", "{134275B4-DFEA-462F-A28B-0BF5D0D9089D}"
EndProject
Global
	GlobalSection(SolutionConfigurationPlatforms) = preSolution
		Debug|Any CPU = Debug|Any CPU
		Release|Any CPU = Release|Any CPU
	EndGlobalSection
	GlobalSection(ProjectConfigurationPlatforms) = postSolution
		{54DBA788-7C6F-4925-8303-A03FC487658B}.Debug|Any CPU.ActiveCfg = Debug|Any CPU
		{54DBA788-7C6F-4925-8303-A03FC487658B}.Debug|Any CPU.Build.0 = Debug|Any CPU
		{54DBA788-7C6F-4925-8303-A03FC487658B}.Release|Any CPU.ActiveCfg = Release|Any CPU
		{54DBA788-7C6F-4925-8303-A03FC487658B}.Release|Any CPU.Build.0 = Release|Any CPU
		{BC906B10-DC0B-4856-AB1E-F11FD116DCF3}.Debug|Any CPU.ActiveCfg = Debug|Any CPU
		{BC906B10-DC0B-4856-AB1E-F11FD116DCF3}.Debug|Any CPU.Build.0 = Debug|Any CPU
		{BC906B10-DC0B-4856-AB1E-F11FD116DCF3}.Release|Any CPU.ActiveCfg = Release|Any CPU
		{BC906B10-DC0B-4856-AB1E-F11FD116DCF3}.Release|Any CPU.Build.0 = Release|Any CPU
		{0AA73E0F-0AE2-4B1A-AB84-C41D79CC26E1}.Debug|Any CPU.ActiveCfg = Debug|Any CPU
		{0AA73E0F-0AE2-4B1A-AB84-C41D79CC26E1}.Debug|Any CPU.Build.0 = Debug|Any CPU
		{0AA73E0F-0AE2-4B1A-AB84-C41D79CC26E1}.Release|Any CPU.ActiveCfg = Release|Any CPU
		{0AA73E0F-0AE2-4B1A-AB84-C41D79CC26E1}.Release|Any CPU.Build.0 = Release|Any CPU
		{E830DB8F-783E-4BDF-A121-87358A7BB65C}.Debug|Any CPU.ActiveCfg = Debug|Any CPU
		{E830DB8F-783E-4BDF-A121-87358A7BB65C}.Debug|Any CPU.Build.0 = Debug|Any CPU
		{E830DB8F-783E-4BDF-A121-87358A7BB65C}.Release|Any CPU.ActiveCfg = Release|Any CPU
		{E830DB8F-783E-4BDF-A121-87358A7BB65C}.Release|Any CPU.Build.0 = Release|Any CPU
		{A8A5D2AC-6401-412B-9AAE-FABEB047DE47}.Debug|Any CPU.ActiveCfg = Debug|Any CPU
		{A8A5D2AC-6401-412B-9AAE-FABEB047DE47}.Debug|Any CPU.Build.0 = Debug|Any CPU
		{A8A5D2AC-6401-412B-9AAE-FABEB047DE47}.Release|Any CPU.ActiveCfg = Release|Any CPU
		{A8A5D2AC-6401-412B-9AAE-FABEB047DE47}.Release|Any CPU.Build.0 = Release|Any CPU
		{74603A29-9C55-434E-B72F-ECBC907ABBEA}.Debug|Any CPU.ActiveCfg = Debug|Any CPU
		{74603A29-9C55-434E-B72F-ECBC907ABBEA}.Debug|Any CPU.Build.0 = Debug|Any CPU
		{74603A29-9C55-434E-B72F-ECBC907ABBEA}.Release|Any CPU.ActiveCfg = Release|Any CPU
		{74603A29-9C55-434E-B72F-ECBC907ABBEA}.Release|Any CPU.Build.0 = Release|Any CPU
		{04CA0189-86F7-43C9-BF8E-3D306B8D34A8}.Debug|Any CPU.ActiveCfg = Debug|Any CPU
		{04CA0189-86F7-43C9-BF8E-3D306B8D34A8}.Debug|Any CPU.Build.0 = Debug|Any CPU
		{04CA0189-86F7-43C9-BF8E-3D306B8D34A8}.Release|Any CPU.ActiveCfg = Release|Any CPU
		{04CA0189-86F7-43C9-BF8E-3D306B8D34A8}.Release|Any CPU.Build.0 = Release|Any CPU
		{E1A31A71-C3B5-4C4D-A96E-18B0099D4EDA}.Debug|Any CPU.ActiveCfg = Debug|Any CPU
		{E1A31A71-C3B5-4C4D-A96E-18B0099D4EDA}.Debug|Any CPU.Build.0 = Debug|Any CPU
		{E1A31A71-C3B5-4C4D-A96E-18B0099D4EDA}.Release|Any CPU.ActiveCfg = Release|Any CPU
		{E1A31A71-C3B5-4C4D-A96E-18B0099D4EDA}.Release|Any CPU.Build.0 = Release|Any CPU
		{E13245AB-575A-48BD-A7C8-A8CFDCBBBDB5}.Debug|Any CPU.ActiveCfg = Debug|Any CPU
		{E13245AB-575A-48BD-A7C8-A8CFDCBBBDB5}.Debug|Any CPU.Build.0 = Debug|Any CPU
		{E13245AB-575A-48BD-A7C8-A8CFDCBBBDB5}.Release|Any CPU.ActiveCfg = Release|Any CPU
		{E13245AB-575A-48BD-A7C8-A8CFDCBBBDB5}.Release|Any CPU.Build.0 = Release|Any CPU
		{1EF8F5D3-A854-452D-9E20-762FB35F0AC2}.Debug|Any CPU.ActiveCfg = Debug|Any CPU
		{1EF8F5D3-A854-452D-9E20-762FB35F0AC2}.Debug|Any CPU.Build.0 = Debug|Any CPU
		{1EF8F5D3-A854-452D-9E20-762FB35F0AC2}.Release|Any CPU.ActiveCfg = Release|Any CPU
		{1EF8F5D3-A854-452D-9E20-762FB35F0AC2}.Release|Any CPU.Build.0 = Release|Any CPU
		{134275B4-DFEA-462F-A28B-0BF5D0D9089D}.Debug|Any CPU.ActiveCfg = Debug|Any CPU
		{134275B4-DFEA-462F-A28B-0BF5D0D9089D}.Debug|Any CPU.Build.0 = Debug|Any CPU
		{134275B4-DFEA-462F-A28B-0BF5D0D9089D}.Release|Any CPU.ActiveCfg = Release|Any CPU
		{134275B4-DFEA-462F-A28B-0BF5D0D9089D}.Release|Any CPU.Build.0 = Release|Any CPU
	EndGlobalSection
	GlobalSection(SolutionProperties) = preSolution
		HideSolutionNode = FALSE
	EndGlobalSection
	GlobalSection(NestedProjects) = preSolution
		{0AA73E0F-0AE2-4B1A-AB84-C41D79CC26E1} = {308AED0F-36F1-457A-82A3-94016E0E98BA}
		{A8A5D2AC-6401-412B-9AAE-FABEB047DE47} = {4CC39F6F-E04C-46CA-8DF1-8DD5CC86C5C3}
		{74603A29-9C55-434E-B72F-ECBC907ABBEA} = {308AED0F-36F1-457A-82A3-94016E0E98BA}
		{E1A31A71-C3B5-4C4D-A96E-18B0099D4EDA} = {4CC39F6F-E04C-46CA-8DF1-8DD5CC86C5C3}
		{E13245AB-575A-48BD-A7C8-A8CFDCBBBDB5} = {4CC39F6F-E04C-46CA-8DF1-8DD5CC86C5C3}
		{1EF8F5D3-A854-452D-9E20-762FB35F0AC2} = {4CC39F6F-E04C-46CA-8DF1-8DD5CC86C5C3}
	EndGlobalSection
	GlobalSection(ExtensibilityGlobals) = postSolution
		SolutionGuid = {66731AB0-F653-4F6E-822C-15FF77038CBB}
	EndGlobalSection
EndGlobal
